
Microsoft Visual Studio Solution File, Format Version 12.00
# Visual Studio 15
VisualStudioVersion = 15.0.26124.0
MinimumVisualStudioVersion = 15.0.26124.0
Project("{FAE04EC0-301F-11D3-BF4B-00C04F79EFBC}") = "SafePurchase.Dominio", "SafePurchase.Dominio\SafePurchase.Dominio.csproj", "{93DCA672-2F8F-42FF-A763-E3CA635419D2}"
EndProject
Project("{FAE04EC0-301F-11D3-BF4B-00C04F79EFBC}") = "SafePurchase.Repositorio", "SafePurchase.Repositorio\SafePurchase.Repositorio.csproj", "{BEE18B49-AF51-4E3E-B019-D16B88A7112B}"
EndProject
Project("{FAE04EC0-301F-11D3-BF4B-00C04F79EFBC}") = "SafePurchase.web", "SafePurchase.web\SafePurchase.web.csproj", "{15D64173-5E0E-4EF6-854B-DDC4387A157D}"
EndProject
Global
	GlobalSection(SolutionConfigurationPlatforms) = preSolution
		Debug|Any CPU = Debug|Any CPU
		Debug|x64 = Debug|x64
		Debug|x86 = Debug|x86
		Release|Any CPU = Release|Any CPU
		Release|x64 = Release|x64
		Release|x86 = Release|x86
	EndGlobalSection
	GlobalSection(SolutionProperties) = preSolution
		HideSolutionNode = FALSE
	EndGlobalSection
	GlobalSection(ProjectConfigurationPlatforms) = postSolution
		{93DCA672-2F8F-42FF-A763-E3CA635419D2}.Debug|Any CPU.ActiveCfg = Debug|Any CPU
		{93DCA672-2F8F-42FF-A763-E3CA635419D2}.Debug|Any CPU.Build.0 = Debug|Any CPU
		{93DCA672-2F8F-42FF-A763-E3CA635419D2}.Debug|x64.ActiveCfg = Debug|Any CPU
		{93DCA672-2F8F-42FF-A763-E3CA635419D2}.Debug|x64.Build.0 = Debug|Any CPU
		{93DCA672-2F8F-42FF-A763-E3CA635419D2}.Debug|x86.ActiveCfg = Debug|Any CPU
		{93DCA672-2F8F-42FF-A763-E3CA635419D2}.Debug|x86.Build.0 = Debug|Any CPU
		{93DCA672-2F8F-42FF-A763-E3CA635419D2}.Release|Any CPU.ActiveCfg = Release|Any CPU
		{93DCA672-2F8F-42FF-A763-E3CA635419D2}.Release|Any CPU.Build.0 = Release|Any CPU
		{93DCA672-2F8F-42FF-A763-E3CA635419D2}.Release|x64.ActiveCfg = Release|Any CPU
		{93DCA672-2F8F-42FF-A763-E3CA635419D2}.Release|x64.Build.0 = Release|Any CPU
		{93DCA672-2F8F-42FF-A763-E3CA635419D2}.Release|x86.ActiveCfg = Release|Any CPU
		{93DCA672-2F8F-42FF-A763-E3CA635419D2}.Release|x86.Build.0 = Release|Any CPU
		{BEE18B49-AF51-4E3E-B019-D16B88A7112B}.Debug|Any CPU.ActiveCfg = Debug|Any CPU
		{BEE18B49-AF51-4E3E-B019-D16B88A7112B}.Debug|Any CPU.Build.0 = Debug|Any CPU
		{BEE18B49-AF51-4E3E-B019-D16B88A7112B}.Debug|x64.ActiveCfg = Debug|Any CPU
		{BEE18B49-AF51-4E3E-B019-D16B88A7112B}.Debug|x64.Build.0 = Debug|Any CPU
		{BEE18B49-AF51-4E3E-B019-D16B88A7112B}.Debug|x86.ActiveCfg = Debug|Any CPU
		{BEE18B49-AF51-4E3E-B019-D16B88A7112B}.Debug|x86.Build.0 = Debug|Any CPU
		{BEE18B49-AF51-4E3E-B019-D16B88A7112B}.Release|Any CPU.ActiveCfg = Release|Any CPU
		{BEE18B49-AF51-4E3E-B019-D16B88A7112B}.Release|Any CPU.Build.0 = Release|Any CPU
		{BEE18B49-AF51-4E3E-B019-D16B88A7112B}.Release|x64.ActiveCfg = Release|Any CPU
		{BEE18B49-AF51-4E3E-B019-D16B88A7112B}.Release|x64.Build.0 = Release|Any CPU
		{BEE18B49-AF51-4E3E-B019-D16B88A7112B}.Release|x86.ActiveCfg = Release|Any CPU
		{BEE18B49-AF51-4E3E-B019-D16B88A7112B}.Release|x86.Build.0 = Release|Any CPU
		{15D64173-5E0E-4EF6-854B-DDC4387A157D}.Debug|Any CPU.ActiveCfg = Debug|Any CPU
		{15D64173-5E0E-4EF6-854B-DDC4387A157D}.Debug|Any CPU.Build.0 = Debug|Any CPU
		{15D64173-5E0E-4EF6-854B-DDC4387A157D}.Debug|x64.ActiveCfg = Debug|Any CPU
		{15D64173-5E0E-4EF6-854B-DDC4387A157D}.Debug|x64.Build.0 = Debug|Any CPU
		{15D64173-5E0E-4EF6-854B-DDC4387A157D}.Debug|x86.ActiveCfg = Debug|Any CPU
		{15D64173-5E0E-4EF6-854B-DDC4387A157D}.Debug|x86.Build.0 = Debug|Any CPU
		{15D64173-5E0E-4EF6-854B-DDC4387A157D}.Release|Any CPU.ActiveCfg = Release|Any CPU
		{15D64173-5E0E-4EF6-854B-DDC4387A157D}.Release|Any CPU.Build.0 = Release|Any CPU
		{15D64173-5E0E-4EF6-854B-DDC4387A157D}.Release|x64.ActiveCfg = Release|Any CPU
		{15D64173-5E0E-4EF6-854B-DDC4387A157D}.Release|x64.Build.0 = Release|Any CPU
		{15D64173-5E0E-4EF6-854B-DDC4387A157D}.Release|x86.ActiveCfg = Release|Any CPU
		{15D64173-5E0E-4EF6-854B-DDC4387A157D}.Release|x86.Build.0 = Release|Any CPU
	EndGlobalSection
EndGlobal
